
Microsoft Visual Studio Solution File, Format Version 12.00
# Visual Studio Version 16
VisualStudioVersion = 16.0.30907.101
MinimumVisualStudioVersion = 10.0.40219.1
Project("{8BC9CEB8-8B4A-11D0-8D11-00A0C91BC942}") = "List", "List\List.vcxproj", "{214A7ED3-2C7C-42CE-9133-999ED885B0AA}"
EndProject
Global
	GlobalSection(SolutionConfigurationPlatforms) = preSolution
		Debug|x64 = Debug|x64
		Debug|x86 = Debug|x86
		Release|x64 = Release|x64
		Release|x86 = Release|x86
	EndGlobalSection
	GlobalSection(ProjectConfigurationPlatforms) = postSolution
		{214A7ED3-2C7C-42CE-9133-999ED885B0AA}.Debug|x64.ActiveCfg = Debug|x64
		{214A7ED3-2C7C-42CE-9133-999ED885B0AA}.Debug|x64.Build.0 = Debug|x64
		{214A7ED3-2C7C-42CE-9133-999ED885B0AA}.Debug|x86.ActiveCfg = Debug|Win32
		{214A7ED3-2C7C-42CE-9133-999ED885B0AA}.Debug|x86.Build.0 = Debug|Win32
		{214A7ED3-2C7C-42CE-9133-999ED885B0AA}.Release|x64.ActiveCfg = Release|x64
		{214A7ED3-2C7C-42CE-9133-999ED885B0AA}.Release|x64.Build.0 = Release|x64
		{214A7ED3-2C7C-42CE-9133-999ED885B0AA}.Release|x86.ActiveCfg = Release|Win32
		{214A7ED3-2C7C-42CE-9133-999ED885B0AA}.Release|x86.Build.0 = Release|Win32
	EndGlobalSection
	GlobalSection(SolutionProperties) = preSolution
		HideSolutionNode = FALSE
	EndGlobalSection
	GlobalSection(ExtensibilityGlobals) = postSolution
		SolutionGuid = {6C6248A0-1A68-4FF0-BFFD-1D18C8A31B7E}
	EndGlobalSection
EndGlobal
